
Microsoft Visual Studio Solution File, Format Version 12.00
Project("{FAE04EC0-301F-11D3-BF4B-00C04F79EFBC}") = "CoolWebsite", "CoolWebsite\CoolWebsite.csproj", "{7BC7F4AD-0ABC-4B37-B727-BD117DDEFF27}"
EndProject
Project("{FAE04EC0-301F-11D3-BF4B-00C04F79EFBC}") = "CoolWebsite.Infrastructure", "CoolWebsite.Infrastructure\CoolWebsite.Infrastructure.csproj", "{AAAC7E92-5E65-4D9E-A372-1637EF92659D}"
EndProject
Project("{FAE04EC0-301F-11D3-BF4B-00C04F79EFBC}") = "CoolWebsite.Application", "CoolWebsite.Application\CoolWebsite.Application.csproj", "{C0D0D63F-21A4-4713-9C31-F86BF5BF6A1E}"
EndProject
Project("{FAE04EC0-301F-11D3-BF4B-00C04F79EFBC}") = "CoolWebsite.Domain", "CoolWebsite.Domain\CoolWebsite.Domain.csproj", "{3F237986-2FFD-4C89-92C3-BC7DBD58FA88}"
EndProject
Project("{2150E333-8FDC-42A3-9474-1A3956D46DE8}") = "Tests", "Tests", "{3F0FE538-7AD8-4F6F-998C-4EF256D6A2D7}"
EndProject
Project("{FAE04EC0-301F-11D3-BF4B-00C04F79EFBC}") = "Application.IntegrationTests", "Application.IntegrationTests\Application.IntegrationTests.csproj", "{B761F57B-5D44-4CCD-9C48-9669A4824A4A}"
EndProject
Project("{FAE04EC0-301F-11D3-BF4B-00C04F79EFBC}") = "Application.UnitTests", "Application.UnitTests\Application.UnitTests.csproj", "{4C6B6C1D-DDAD-4FFC-9F7B-A2F00F1DDEB4}"
EndProject
Project("{2150E333-8FDC-42A3-9474-1A3956D46DE8}") = "Financial", "Financial", "{7F74F668-333E-4A15-8154-F93130164BC9}"
EndProject
Project("{2150E333-8FDC-42A3-9474-1A3956D46DE8}") = "InformationGathering", "InformationGathering", "{EE1DB629-EBCE-49E7-B0C0-628F2E444A9A}"
EndProject
Project("{FAE04EC0-301F-11D3-BF4B-00C04F79EFBC}") = "Syhler.InformationGathering.Domain", "Syhler.InformationGathering.Domain\Syhler.InformationGathering.Domain.csproj", "{D65C4989-66BD-4C48-B0B4-ED6C081F714F}"
EndProject
Project("{FAE04EC0-301F-11D3-BF4B-00C04F79EFBC}") = "Syhler.InformationGathering.Application", "Syhler.InformationGathering.Application\Syhler.InformationGathering.Application.csproj", "{25C35DF1-12F7-4EBB-BC48-10EFC13BDFAB}"
EndProject
Project("{FAE04EC0-301F-11D3-BF4B-00C04F79EFBC}") = "Syhler.InformationGathering.Infrastructure", "Syhler.InformationGathering.Infrastructure\Syhler.InformationGathering.Infrastructure.csproj", "{6B91C195-F731-439C-B31B-F1AD1B46A5BC}"
EndProject
Global
	GlobalSection(SolutionConfigurationPlatforms) = preSolution
		Debug|Any CPU = Debug|Any CPU
		Release|Any CPU = Release|Any CPU
	EndGlobalSection
	GlobalSection(ProjectConfigurationPlatforms) = postSolution
		{7BC7F4AD-0ABC-4B37-B727-BD117DDEFF27}.Debug|Any CPU.ActiveCfg = Debug|Any CPU
		{7BC7F4AD-0ABC-4B37-B727-BD117DDEFF27}.Debug|Any CPU.Build.0 = Debug|Any CPU
		{7BC7F4AD-0ABC-4B37-B727-BD117DDEFF27}.Release|Any CPU.ActiveCfg = Release|Any CPU
		{7BC7F4AD-0ABC-4B37-B727-BD117DDEFF27}.Release|Any CPU.Build.0 = Release|Any CPU
		{AAAC7E92-5E65-4D9E-A372-1637EF92659D}.Debug|Any CPU.ActiveCfg = Debug|Any CPU
		{AAAC7E92-5E65-4D9E-A372-1637EF92659D}.Debug|Any CPU.Build.0 = Debug|Any CPU
		{AAAC7E92-5E65-4D9E-A372-1637EF92659D}.Release|Any CPU.ActiveCfg = Release|Any CPU
		{AAAC7E92-5E65-4D9E-A372-1637EF92659D}.Release|Any CPU.Build.0 = Release|Any CPU
		{C0D0D63F-21A4-4713-9C31-F86BF5BF6A1E}.Debug|Any CPU.ActiveCfg = Debug|Any CPU
		{C0D0D63F-21A4-4713-9C31-F86BF5BF6A1E}.Debug|Any CPU.Build.0 = Debug|Any CPU
		{C0D0D63F-21A4-4713-9C31-F86BF5BF6A1E}.Release|Any CPU.ActiveCfg = Release|Any CPU
		{C0D0D63F-21A4-4713-9C31-F86BF5BF6A1E}.Release|Any CPU.Build.0 = Release|Any CPU
		{3F237986-2FFD-4C89-92C3-BC7DBD58FA88}.Debug|Any CPU.ActiveCfg = Debug|Any CPU
		{3F237986-2FFD-4C89-92C3-BC7DBD58FA88}.Debug|Any CPU.Build.0 = Debug|Any CPU
		{3F237986-2FFD-4C89-92C3-BC7DBD58FA88}.Release|Any CPU.ActiveCfg = Release|Any CPU
		{3F237986-2FFD-4C89-92C3-BC7DBD58FA88}.Release|Any CPU.Build.0 = Release|Any CPU
		{B761F57B-5D44-4CCD-9C48-9669A4824A4A}.Debug|Any CPU.ActiveCfg = Debug|Any CPU
		{B761F57B-5D44-4CCD-9C48-9669A4824A4A}.Debug|Any CPU.Build.0 = Debug|Any CPU
		{B761F57B-5D44-4CCD-9C48-9669A4824A4A}.Release|Any CPU.ActiveCfg = Release|Any CPU
		{B761F57B-5D44-4CCD-9C48-9669A4824A4A}.Release|Any CPU.Build.0 = Release|Any CPU
		{4C6B6C1D-DDAD-4FFC-9F7B-A2F00F1DDEB4}.Debug|Any CPU.ActiveCfg = Debug|Any CPU
		{4C6B6C1D-DDAD-4FFC-9F7B-A2F00F1DDEB4}.Debug|Any CPU.Build.0 = Debug|Any CPU
		{4C6B6C1D-DDAD-4FFC-9F7B-A2F00F1DDEB4}.Release|Any CPU.ActiveCfg = Release|Any CPU
		{4C6B6C1D-DDAD-4FFC-9F7B-A2F00F1DDEB4}.Release|Any CPU.Build.0 = Release|Any CPU
		{D65C4989-66BD-4C48-B0B4-ED6C081F714F}.Debug|Any CPU.ActiveCfg = Debug|Any CPU
		{D65C4989-66BD-4C48-B0B4-ED6C081F714F}.Debug|Any CPU.Build.0 = Debug|Any CPU
		{D65C4989-66BD-4C48-B0B4-ED6C081F714F}.Release|Any CPU.ActiveCfg = Release|Any CPU
		{D65C4989-66BD-4C48-B0B4-ED6C081F714F}.Release|Any CPU.Build.0 = Release|Any CPU
		{25C35DF1-12F7-4EBB-BC48-10EFC13BDFAB}.Debug|Any CPU.ActiveCfg = Debug|Any CPU
		{25C35DF1-12F7-4EBB-BC48-10EFC13BDFAB}.Debug|Any CPU.Build.0 = Debug|Any CPU
		{25C35DF1-12F7-4EBB-BC48-10EFC13BDFAB}.Release|Any CPU.ActiveCfg = Release|Any CPU
		{25C35DF1-12F7-4EBB-BC48-10EFC13BDFAB}.Release|Any CPU.Build.0 = Release|Any CPU
		{6B91C195-F731-439C-B31B-F1AD1B46A5BC}.Debug|Any CPU.ActiveCfg = Debug|Any CPU
		{6B91C195-F731-439C-B31B-F1AD1B46A5BC}.Debug|Any CPU.Build.0 = Debug|Any CPU
		{6B91C195-F731-439C-B31B-F1AD1B46A5BC}.Release|Any CPU.ActiveCfg = Release|Any CPU
		{6B91C195-F731-439C-B31B-F1AD1B46A5BC}.Release|Any CPU.Build.0 = Release|Any CPU
	EndGlobalSection
	GlobalSection(NestedProjects) = preSolution
		{B761F57B-5D44-4CCD-9C48-9669A4824A4A} = {3F0FE538-7AD8-4F6F-998C-4EF256D6A2D7}
		{4C6B6C1D-DDAD-4FFC-9F7B-A2F00F1DDEB4} = {3F0FE538-7AD8-4F6F-998C-4EF256D6A2D7}
		{3F237986-2FFD-4C89-92C3-BC7DBD58FA88} = {7F74F668-333E-4A15-8154-F93130164BC9}
		{C0D0D63F-21A4-4713-9C31-F86BF5BF6A1E} = {7F74F668-333E-4A15-8154-F93130164BC9}
		{AAAC7E92-5E65-4D9E-A372-1637EF92659D} = {7F74F668-333E-4A15-8154-F93130164BC9}
		{3F0FE538-7AD8-4F6F-998C-4EF256D6A2D7} = {7F74F668-333E-4A15-8154-F93130164BC9}
		{D65C4989-66BD-4C48-B0B4-ED6C081F714F} = {EE1DB629-EBCE-49E7-B0C0-628F2E444A9A}
		{25C35DF1-12F7-4EBB-BC48-10EFC13BDFAB} = {EE1DB629-EBCE-49E7-B0C0-628F2E444A9A}
		{6B91C195-F731-439C-B31B-F1AD1B46A5BC} = {EE1DB629-EBCE-49E7-B0C0-628F2E444A9A}
	EndGlobalSection
EndGlobal
